// !$*UTF8*$!
{
	archiveVersion = 1;
	classes = {
	};
	objectVersion = 54;
	objects = {

/* Begin PBXBuildFile section */
		9989293E2AA8A22500CA85F8 /* AppDelegate.swift in Sources */ = {isa = PBXBuildFile; fileRef = 9989293D2AA8A22500CA85F8 /* AppDelegate.swift */; };
		998929402AA8A22500CA85F8 /* SceneDelegate.swift in Sources */ = {isa = PBXBuildFile; fileRef = 9989293F2AA8A22500CA85F8 /* SceneDelegate.swift */; };
		998929422AA8A22500CA85F8 /* ViewController.swift in Sources */ = {isa = PBXBuildFile; fileRef = 998929412AA8A22500CA85F8 /* ViewController.swift */; };
		998929472AA8A22600CA85F8 /* Assets.xcassets in Resources */ = {isa = PBXBuildFile; fileRef = 998929462AA8A22600CA85F8 /* Assets.xcassets */; };
		9989294A2AA8A22600CA85F8 /* LaunchScreen.storyboard in Resources */ = {isa = PBXBuildFile; fileRef = 998929482AA8A22600CA85F8 /* LaunchScreen.storyboard */; };
		998929552AA8A22600CA85F8 /* trabalho_ios_01Tests.swift in Sources */ = {isa = PBXBuildFile; fileRef = 998929542AA8A22600CA85F8 /* trabalho_ios_01Tests.swift */; };
		9989295F2AA8A22600CA85F8 /* trabalho_ios_01UITests.swift in Sources */ = {isa = PBXBuildFile; fileRef = 9989295E2AA8A22600CA85F8 /* trabalho_ios_01UITests.swift */; };
		998929612AA8A22600CA85F8 /* trabalho_ios_01UITestsLaunchTests.swift in Sources */ = {isa = PBXBuildFile; fileRef = 998929602AA8A22600CA85F8 /* trabalho_ios_01UITestsLaunchTests.swift */; };
		9989296F2AA912EE00CA85F8 /* RickAndMortyCharacter.swift in Sources */ = {isa = PBXBuildFile; fileRef = 9989296E2AA912EE00CA85F8 /* RickAndMortyCharacter.swift */; };
		998929712AA919D100CA85F8 /* RickAndMortyResponse.swift in Sources */ = {isa = PBXBuildFile; fileRef = 998929702AA919D100CA85F8 /* RickAndMortyResponse.swift */; };
		998929742AAB48C600CA85F8 /* RickAndMortyService.swift in Sources */ = {isa = PBXBuildFile; fileRef = 998929732AAB48C600CA85F8 /* RickAndMortyService.swift */; };
		9989297A2AAB652600CA85F8 /* RickAndMortyCharacterTableViewCell.swift in Sources */ = {isa = PBXBuildFile; fileRef = 998929792AAB652600CA85F8 /* RickAndMortyCharacterTableViewCell.swift */; };
		9989297C2AAB936500CA85F8 /* ImageManager.swift in Sources */ = {isa = PBXBuildFile; fileRef = 9989297B2AAB936500CA85F8 /* ImageManager.swift */; };
/* End PBXBuildFile section */

/* Begin PBXContainerItemProxy section */
		998929512AA8A22600CA85F8 /* PBXContainerItemProxy */ = {
			isa = PBXContainerItemProxy;
			containerPortal = 998929322AA8A22500CA85F8 /* Project object */;
			proxyType = 1;
			remoteGlobalIDString = 998929392AA8A22500CA85F8;
			remoteInfo = trabalho_ios_01;
		};
		9989295B2AA8A22600CA85F8 /* PBXContainerItemProxy */ = {
			isa = PBXContainerItemProxy;
			containerPortal = 998929322AA8A22500CA85F8 /* Project object */;
			proxyType = 1;
			remoteGlobalIDString = 998929392AA8A22500CA85F8;
			remoteInfo = trabalho_ios_01;
		};
/* End PBXContainerItemProxy section */

/* Begin PBXFileReference section */
		9989293A2AA8A22500CA85F8 /* trabalho_ios_01.app */ = {isa = PBXFileReference; explicitFileType = wrapper.application; includeInIndex = 0; path = trabalho_ios_01.app; sourceTree = BUILT_PRODUCTS_DIR; };
		9989293D2AA8A22500CA85F8 /* AppDelegate.swift */ = {isa = PBXFileReference; lastKnownFileType = sourcecode.swift; path = AppDelegate.swift; sourceTree = "<group>"; };
		9989293F2AA8A22500CA85F8 /* SceneDelegate.swift */ = {isa = PBXFileReference; lastKnownFileType = sourcecode.swift; path = SceneDelegate.swift; sourceTree = "<group>"; };
		998929412AA8A22500CA85F8 /* ViewController.swift */ = {isa = PBXFileReference; lastKnownFileType = sourcecode.swift; path = ViewController.swift; sourceTree = "<group>"; };
		998929462AA8A22600CA85F8 /* Assets.xcassets */ = {isa = PBXFileReference; lastKnownFileType = folder.assetcatalog; path = Assets.xcassets; sourceTree = "<group>"; };
		998929492AA8A22600CA85F8 /* Base */ = {isa = PBXFileReference; lastKnownFileType = file.storyboard; name = Base; path = Base.lproj/LaunchScreen.storyboard; sourceTree = "<group>"; };
		9989294B2AA8A22600CA85F8 /* Info.plist */ = {isa = PBXFileReference; lastKnownFileType = text.plist.xml; path = Info.plist; sourceTree = "<group>"; };
		998929502AA8A22600CA85F8 /* trabalho_ios_01Tests.xctest */ = {isa = PBXFileReference; explicitFileType = wrapper.cfbundle; includeInIndex = 0; path = trabalho_ios_01Tests.xctest; sourceTree = BUILT_PRODUCTS_DIR; };
		998929542AA8A22600CA85F8 /* trabalho_ios_01Tests.swift */ = {isa = PBXFileReference; lastKnownFileType = sourcecode.swift; path = trabalho_ios_01Tests.swift; sourceTree = "<group>"; };
		9989295A2AA8A22600CA85F8 /* trabalho_ios_01UITests.xctest */ = {isa = PBXFileReference; explicitFileType = wrapper.cfbundle; includeInIndex = 0; path = trabalho_ios_01UITests.xctest; sourceTree = BUILT_PRODUCTS_DIR; };
		9989295E2AA8A22600CA85F8 /* trabalho_ios_01UITests.swift */ = {isa = PBXFileReference; lastKnownFileType = sourcecode.swift; path = trabalho_ios_01UITests.swift; sourceTree = "<group>"; };
		998929602AA8A22600CA85F8 /* trabalho_ios_01UITestsLaunchTests.swift */ = {isa = PBXFileReference; lastKnownFileType = sourcecode.swift; path = trabalho_ios_01UITestsLaunchTests.swift; sourceTree = "<group>"; };
		9989296E2AA912EE00CA85F8 /* RickAndMortyCharacter.swift */ = {isa = PBXFileReference; lastKnownFileType = sourcecode.swift; path = RickAndMortyCharacter.swift; sourceTree = "<group>"; };
		998929702AA919D100CA85F8 /* RickAndMortyResponse.swift */ = {isa = PBXFileReference; lastKnownFileType = sourcecode.swift; path = RickAndMortyResponse.swift; sourceTree = "<group>"; };
		998929732AAB48C600CA85F8 /* RickAndMortyService.swift */ = {isa = PBXFileReference; lastKnownFileType = sourcecode.swift; path = RickAndMortyService.swift; sourceTree = "<group>"; };
		998929792AAB652600CA85F8 /* RickAndMortyCharacterTableViewCell.swift */ = {isa = PBXFileReference; lastKnownFileType = sourcecode.swift; path = RickAndMortyCharacterTableViewCell.swift; sourceTree = "<group>"; };
		9989297B2AAB936500CA85F8 /* ImageManager.swift */ = {isa = PBXFileReference; lastKnownFileType = sourcecode.swift; path = ImageManager.swift; sourceTree = "<group>"; };
/* End PBXFileReference section */

/* Begin PBXFrameworksBuildPhase section */
		998929372AA8A22500CA85F8 /* Frameworks */ = {
			isa = PBXFrameworksBuildPhase;
			buildActionMask = 2147483647;
			files = (
			);
			runOnlyForDeploymentPostprocessing = 0;
		};
		9989294D2AA8A22600CA85F8 /* Frameworks */ = {
			isa = PBXFrameworksBuildPhase;
			buildActionMask = 2147483647;
			files = (
			);
			runOnlyForDeploymentPostprocessing = 0;
		};
		998929572AA8A22600CA85F8 /* Frameworks */ = {
			isa = PBXFrameworksBuildPhase;
			buildActionMask = 2147483647;
			files = (
			);
			runOnlyForDeploymentPostprocessing = 0;
		};
/* End PBXFrameworksBuildPhase section */

/* Begin PBXGroup section */
		998929312AA8A22500CA85F8 = {
			isa = PBXGroup;
			children = (
				9989293C2AA8A22500CA85F8 /* trabalho_ios_01 */,
				998929532AA8A22600CA85F8 /* trabalho_ios_01Tests */,
				9989295D2AA8A22600CA85F8 /* trabalho_ios_01UITests */,
				9989293B2AA8A22500CA85F8 /* Products */,
			);
			sourceTree = "<group>";
		};
		9989293B2AA8A22500CA85F8 /* Products */ = {
			isa = PBXGroup;
			children = (
				9989293A2AA8A22500CA85F8 /* trabalho_ios_01.app */,
				998929502AA8A22600CA85F8 /* trabalho_ios_01Tests.xctest */,
				9989295A2AA8A22600CA85F8 /* trabalho_ios_01UITests.xctest */,
			);
			name = Products;
			sourceTree = "<group>";
		};
		9989293C2AA8A22500CA85F8 /* trabalho_ios_01 */ = {
			isa = PBXGroup;
			children = (
				998929752AAB648800CA85F8 /* Views */,
				998929722AAB48AD00CA85F8 /* Networking */,
				9989296D2AA9119100CA85F8 /* Models */,
				9989293D2AA8A22500CA85F8 /* AppDelegate.swift */,
				9989293F2AA8A22500CA85F8 /* SceneDelegate.swift */,
				998929462AA8A22600CA85F8 /* Assets.xcassets */,
				998929482AA8A22600CA85F8 /* LaunchScreen.storyboard */,
				9989294B2AA8A22600CA85F8 /* Info.plist */,
				9989297B2AAB936500CA85F8 /* ImageManager.swift */,
			);
			path = trabalho_ios_01;
			sourceTree = "<group>";
		};
		998929532AA8A22600CA85F8 /* trabalho_ios_01Tests */ = {
			isa = PBXGroup;
			children = (
				998929542AA8A22600CA85F8 /* trabalho_ios_01Tests.swift */,
			);
			path = trabalho_ios_01Tests;
			sourceTree = "<group>";
		};
		9989295D2AA8A22600CA85F8 /* trabalho_ios_01UITests */ = {
			isa = PBXGroup;
			children = (
				9989295E2AA8A22600CA85F8 /* trabalho_ios_01UITests.swift */,
				998929602AA8A22600CA85F8 /* trabalho_ios_01UITestsLaunchTests.swift */,
			);
			path = trabalho_ios_01UITests;
			sourceTree = "<group>";
		};
		9989296D2AA9119100CA85F8 /* Models */ = {
			isa = PBXGroup;
			children = (
				9989296E2AA912EE00CA85F8 /* RickAndMortyCharacter.swift */,
				998929702AA919D100CA85F8 /* RickAndMortyResponse.swift */,
			);
			path = Models;
			sourceTree = "<group>";
		};
		998929722AAB48AD00CA85F8 /* Networking */ = {
			isa = PBXGroup;
			children = (
				998929732AAB48C600CA85F8 /* RickAndMortyService.swift */,
			);
			path = Networking;
			sourceTree = "<group>";
		};
		998929752AAB648800CA85F8 /* Views */ = {
			isa = PBXGroup;
			children = (
				998929762AAB64A100CA85F8 /* Cells */,
				998929412AA8A22500CA85F8 /* ViewController.swift */,
			);
			path = Views;
			sourceTree = "<group>";
		};
		998929762AAB64A100CA85F8 /* Cells */ = {
			isa = PBXGroup;
			children = (
				998929792AAB652600CA85F8 /* RickAndMortyCharacterTableViewCell.swift */,
			);
			path = Cells;
			sourceTree = "<group>";
		};
/* End PBXGroup section */

/* Begin PBXNativeTarget section */
		998929392AA8A22500CA85F8 /* trabalho_ios_01 */ = {
			isa = PBXNativeTarget;
			buildConfigurationList = 998929642AA8A22600CA85F8 /* Build configuration list for PBXNativeTarget "trabalho_ios_01" */;
			buildPhases = (
				998929362AA8A22500CA85F8 /* Sources */,
				998929372AA8A22500CA85F8 /* Frameworks */,
				998929382AA8A22500CA85F8 /* Resources */,
			);
			buildRules = (
			);
			dependencies = (
			);
			name = trabalho_ios_01;
			productName = trabalho_ios_01;
			productReference = 9989293A2AA8A22500CA85F8 /* trabalho_ios_01.app */;
			productType = "com.apple.product-type.application";
		};
		9989294F2AA8A22600CA85F8 /* trabalho_ios_01Tests */ = {
			isa = PBXNativeTarget;
			buildConfigurationList = 998929672AA8A22600CA85F8 /* Build configuration list for PBXNativeTarget "trabalho_ios_01Tests" */;
			buildPhases = (
				9989294C2AA8A22600CA85F8 /* Sources */,
				9989294D2AA8A22600CA85F8 /* Frameworks */,
				9989294E2AA8A22600CA85F8 /* Resources */,
			);
			buildRules = (
			);
			dependencies = (
				998929522AA8A22600CA85F8 /* PBXTargetDependency */,
			);
			name = trabalho_ios_01Tests;
			productName = trabalho_ios_01Tests;
			productReference = 998929502AA8A22600CA85F8 /* trabalho_ios_01Tests.xctest */;
			productType = "com.apple.product-type.bundle.unit-test";
		};
		998929592AA8A22600CA85F8 /* trabalho_ios_01UITests */ = {
			isa = PBXNativeTarget;
			buildConfigurationList = 9989296A2AA8A22600CA85F8 /* Build configuration list for PBXNativeTarget "trabalho_ios_01UITests" */;
			buildPhases = (
				998929562AA8A22600CA85F8 /* Sources */,
				998929572AA8A22600CA85F8 /* Frameworks */,
				998929582AA8A22600CA85F8 /* Resources */,
			);
			buildRules = (
			);
			dependencies = (
				9989295C2AA8A22600CA85F8 /* PBXTargetDependency */,
			);
			name = trabalho_ios_01UITests;
			productName = trabalho_ios_01UITests;
			productReference = 9989295A2AA8A22600CA85F8 /* trabalho_ios_01UITests.xctest */;
			productType = "com.apple.product-type.bundle.ui-testing";
		};
/* End PBXNativeTarget section */

/* Begin PBXProject section */
		998929322AA8A22500CA85F8 /* Project object */ = {
			isa = PBXProject;
			attributes = {
				BuildIndependentTargetsInParallel = 1;
				LastSwiftUpdateCheck = 1430;
				LastUpgradeCheck = 1430;
				TargetAttributes = {
					998929392AA8A22500CA85F8 = {
						CreatedOnToolsVersion = 14.3.1;
					};
					9989294F2AA8A22600CA85F8 = {
						CreatedOnToolsVersion = 14.3.1;
						TestTargetID = 998929392AA8A22500CA85F8;
					};
					998929592AA8A22600CA85F8 = {
						CreatedOnToolsVersion = 14.3.1;
						TestTargetID = 998929392AA8A22500CA85F8;
					};
				};
			};
			buildConfigurationList = 998929352AA8A22500CA85F8 /* Build configuration list for PBXProject "trabalho_ios_01" */;
			compatibilityVersion = "Xcode 12.0";
			developmentRegion = en;
			hasScannedForEncodings = 0;
			knownRegions = (
				en,
				Base,
			);
			mainGroup = 998929312AA8A22500CA85F8;
			productRefGroup = 9989293B2AA8A22500CA85F8 /* Products */;
			projectDirPath = "";
			projectRoot = "";
			targets = (
				998929392AA8A22500CA85F8 /* trabalho_ios_01 */,
				9989294F2AA8A22600CA85F8 /* trabalho_ios_01Tests */,
				998929592AA8A22600CA85F8 /* trabalho_ios_01UITests */,
			);
		};
/* End PBXProject section */

/* Begin PBXResourcesBuildPhase section */
		998929382AA8A22500CA85F8 /* Resources */ = {
			isa = PBXResourcesBuildPhase;
			buildActionMask = 2147483647;
			files = (
				9989294A2AA8A22600CA85F8 /* LaunchScreen.storyboard in Resources */,
				998929472AA8A22600CA85F8 /* Assets.xcassets in Resources */,
			);
			runOnlyForDeploymentPostprocessing = 0;
		};
		9989294E2AA8A22600CA85F8 /* Resources */ = {
			isa = PBXResourcesBuildPhase;
			buildActionMask = 2147483647;
			files = (
			);
			runOnlyForDeploymentPostprocessing = 0;
		};
		998929582AA8A22600CA85F8 /* Resources */ = {
			isa = PBXResourcesBuildPhase;
			buildActionMask = 2147483647;
			files = (
			);
			runOnlyForDeploymentPostprocessing = 0;
		};
/* End PBXResourcesBuildPhase section */

/* Begin PBXSourcesBuildPhase section */
		998929362AA8A22500CA85F8 /* Sources */ = {
			isa = PBXSourcesBuildPhase;
			buildActionMask = 2147483647;
			files = (
				9989297A2AAB652600CA85F8 /* RickAndMortyCharacterTableViewCell.swift in Sources */,
				998929712AA919D100CA85F8 /* RickAndMortyResponse.swift in Sources */,
				9989296F2AA912EE00CA85F8 /* RickAndMortyCharacter.swift in Sources */,
				9989297C2AAB936500CA85F8 /* ImageManager.swift in Sources */,
				998929742AAB48C600CA85F8 /* RickAndMortyService.swift in Sources */,
				998929422AA8A22500CA85F8 /* ViewController.swift in Sources */,
				9989293E2AA8A22500CA85F8 /* AppDelegate.swift in Sources */,
				998929402AA8A22500CA85F8 /* SceneDelegate.swift in Sources */,
			);
			runOnlyForDeploymentPostprocessing = 0;
		};
		9989294C2AA8A22600CA85F8 /* Sources */ = {
			isa = PBXSourcesBuildPhase;
			buildActionMask = 2147483647;
			files = (
				998929552AA8A22600CA85F8 /* trabalho_ios_01Tests.swift in Sources */,
			);
			runOnlyForDeploymentPostprocessing = 0;
		};
		998929562AA8A22600CA85F8 /* Sources */ = {
			isa = PBXSourcesBuildPhase;
			buildActionMask = 2147483647;
			files = (
				998929612AA8A22600CA85F8 /* trabalho_ios_01UITestsLaunchTests.swift in Sources */,
				9989295F2AA8A22600CA85F8 /* trabalho_ios_01UITests.swift in Sources */,
			);
			runOnlyForDeploymentPostprocessing = 0;
		};
/* End PBXSourcesBuildPhase section */

/* Begin PBXTargetDependency section */
		998929522AA8A22600CA85F8 /* PBXTargetDependency */ = {
			isa = PBXTargetDependency;
			target = 998929392AA8A22500CA85F8 /* trabalho_ios_01 */;
			targetProxy = 998929512AA8A22600CA85F8 /* PBXContainerItemProxy */;
		};
		9989295C2AA8A22600CA85F8 /* PBXTargetDependency */ = {
			isa = PBXTargetDependency;
			target = 998929392AA8A22500CA85F8 /* trabalho_ios_01 */;
			targetProxy = 9989295B2AA8A22600CA85F8 /* PBXContainerItemProxy */;
		};
/* End PBXTargetDependency section */

/* Begin PBXVariantGroup section */
		998929482AA8A22600CA85F8 /* LaunchScreen.storyboard */ = {
			isa = PBXVariantGroup;
			children = (
				998929492AA8A22600CA85F8 /* Base */,
			);
			name = LaunchScreen.storyboard;
			sourceTree = "<group>";
		};
/* End PBXVariantGroup section */

/* Begin XCBuildConfiguration section */
		998929622AA8A22600CA85F8 /* Debug */ = {
			isa = XCBuildConfiguration;
			buildSettings = {
				ALWAYS_SEARCH_USER_PATHS = NO;
				CLANG_ANALYZER_NONNULL = YES;
				CLANG_ANALYZER_NUMBER_OBJECT_CONVERSION = YES_AGGRESSIVE;
				CLANG_CXX_LANGUAGE_STANDARD = "gnu++20";
				CLANG_ENABLE_MODULES = YES;
				CLANG_ENABLE_OBJC_ARC = YES;
				CLANG_ENABLE_OBJC_WEAK = YES;
				CLANG_WARN_BLOCK_CAPTURE_AUTORELEASING = YES;
				CLANG_WARN_BOOL_CONVERSION = YES;
				CLANG_WARN_COMMA = YES;
				CLANG_WARN_CONSTANT_CONVERSION = YES;
				CLANG_WARN_DEPRECATED_OBJC_IMPLEMENTATIONS = YES;
				CLANG_WARN_DIRECT_OBJC_ISA_USAGE = YES_ERROR;
				CLANG_WARN_DOCUMENTATION_COMMENTS = YES;
				CLANG_WARN_EMPTY_BODY = YES;
				CLANG_WARN_ENUM_CONVERSION = YES;
				CLANG_WARN_INFINITE_RECURSION = YES;
				CLANG_WARN_INT_CONVERSION = YES;
				CLANG_WARN_NON_LITERAL_NULL_CONVERSION = YES;
				CLANG_WARN_OBJC_IMPLICIT_RETAIN_SELF = YES;
				CLANG_WARN_OBJC_LITERAL_CONVERSION = YES;
				CLANG_WARN_OBJC_ROOT_CLASS = YES_ERROR;
				CLANG_WARN_QUOTED_INCLUDE_IN_FRAMEWORK_HEADER = YES;
				CLANG_WARN_RANGE_LOOP_ANALYSIS = YES;
				CLANG_WARN_STRICT_PROTOTYPES = YES;
				CLANG_WARN_SUSPICIOUS_MOVE = YES;
				CLANG_WARN_UNGUARDED_AVAILABILITY = YES_AGGRESSIVE;
				CLANG_WARN_UNREACHABLE_CODE = YES;
				CLANG_WARN__DUPLICATE_METHOD_MATCH = YES;
				COPY_PHASE_STRIP = NO;
				DEBUG_INFORMATION_FORMAT = dwarf;
				ENABLE_STRICT_OBJC_MSGSEND = YES;
				ENABLE_TESTABILITY = YES;
				GCC_C_LANGUAGE_STANDARD = gnu11;
				GCC_DYNAMIC_NO_PIC = NO;
				GCC_NO_COMMON_BLOCKS = YES;
				GCC_OPTIMIZATION_LEVEL = 0;
				GCC_PREPROCESSOR_DEFINITIONS = (
					"DEBUG=1",
					"$(inherited)",
				);
				GCC_WARN_64_TO_32_BIT_CONVERSION = YES;
				GCC_WARN_ABOUT_RETURN_TYPE = YES_ERROR;
				GCC_WARN_UNDECLARED_SELECTOR = YES;
				GCC_WARN_UNINITIALIZED_AUTOS = YES_AGGRESSIVE;
				GCC_WARN_UNUSED_FUNCTION = YES;
				GCC_WARN_UNUSED_VARIABLE = YES;
				IPHONEOS_DEPLOYMENT_TARGET = 16.4;
				MTL_ENABLE_DEBUG_INFO = INCLUDE_SOURCE;
				MTL_FAST_MATH = YES;
				ONLY_ACTIVE_ARCH = YES;
				SDKROOT = iphoneos;
				SWIFT_ACTIVE_COMPILATION_CONDITIONS = DEBUG;
				SWIFT_OPTIMIZATION_LEVEL = "-Onone";
			};
			name = Debug;
		};
		998929632AA8A22600CA85F8 /* Release */ = {
			isa = XCBuildConfiguration;
			buildSettings = {
				ALWAYS_SEARCH_USER_PATHS = NO;
				CLANG_ANALYZER_NONNULL = YES;
				CLANG_ANALYZER_NUMBER_OBJECT_CONVERSION = YES_AGGRESSIVE;
				CLANG_CXX_LANGUAGE_STANDARD = "gnu++20";
				CLANG_ENABLE_MODULES = YES;
				CLANG_ENABLE_OBJC_ARC = YES;
				CLANG_ENABLE_OBJC_WEAK = YES;
				CLANG_WARN_BLOCK_CAPTURE_AUTORELEASING = YES;
				CLANG_WARN_BOOL_CONVERSION = YES;
				CLANG_WARN_COMMA = YES;
				CLANG_WARN_CONSTANT_CONVERSION = YES;
				CLANG_WARN_DEPRECATED_OBJC_IMPLEMENTATIONS = YES;
				CLANG_WARN_DIRECT_OBJC_ISA_USAGE = YES_ERROR;
				CLANG_WARN_DOCUMENTATION_COMMENTS = YES;
				CLANG_WARN_EMPTY_BODY = YES;
				CLANG_WARN_ENUM_CONVERSION = YES;
				CLANG_WARN_INFINITE_RECURSION = YES;
				CLANG_WARN_INT_CONVERSION = YES;
				CLANG_WARN_NON_LITERAL_NULL_CONVERSION = YES;
				CLANG_WARN_OBJC_IMPLICIT_RETAIN_SELF = YES;
				CLANG_WARN_OBJC_LITERAL_CONVERSION = YES;
				CLANG_WARN_OBJC_ROOT_CLASS = YES_ERROR;
				CLANG_WARN_QUOTED_INCLUDE_IN_FRAMEWORK_HEADER = YES;
				CLANG_WARN_RANGE_LOOP_ANALYSIS = YES;
				CLANG_WARN_STRICT_PROTOTYPES = YES;
				CLANG_WARN_SUSPICIOUS_MOVE = YES;
				CLANG_WARN_UNGUARDED_AVAILABILITY = YES_AGGRESSIVE;
				CLANG_WARN_UNREACHABLE_CODE = YES;
				CLANG_WARN__DUPLICATE_METHOD_MATCH = YES;
				COPY_PHASE_STRIP = NO;
				DEBUG_INFORMATION_FORMAT = "dwarf-with-dsym";
				ENABLE_NS_ASSERTIONS = NO;
				ENABLE_STRICT_OBJC_MSGSEND = YES;
				GCC_C_LANGUAGE_STANDARD = gnu11;
				GCC_NO_COMMON_BLOCKS = YES;
				GCC_WARN_64_TO_32_BIT_CONVERSION = YES;
				GCC_WARN_ABOUT_RETURN_TYPE = YES_ERROR;
				GCC_WARN_UNDECLARED_SELECTOR = YES;
				GCC_WARN_UNINITIALIZED_AUTOS = YES_AGGRESSIVE;
				GCC_WARN_UNUSED_FUNCTION = YES;
				GCC_WARN_UNUSED_VARIABLE = YES;
				IPHONEOS_DEPLOYMENT_TARGET = 16.4;
				MTL_ENABLE_DEBUG_INFO = NO;
				MTL_FAST_MATH = YES;
				SDKROOT = iphoneos;
				SWIFT_COMPILATION_MODE = wholemodule;
				SWIFT_OPTIMIZATION_LEVEL = "-O";
				VALIDATE_PRODUCT = YES;
			};
			name = Release;
		};
		998929652AA8A22600CA85F8 /* Debug */ = {
			isa = XCBuildConfiguration;
			buildSettings = {
				ASSETCATALOG_COMPILER_APPICON_NAME = AppIcon;
				ASSETCATALOG_COMPILER_GLOBAL_ACCENT_COLOR_NAME = AccentColor;
				CODE_SIGN_STYLE = Automatic;
				CURRENT_PROJECT_VERSION = 1;
				GENERATE_INFOPLIST_FILE = YES;
				INFOPLIST_FILE = trabalho_ios_01/Info.plist;
				INFOPLIST_KEY_UIApplicationSupportsIndirectInputEvents = YES;
				INFOPLIST_KEY_UILaunchStoryboardName = LaunchScreen;
				INFOPLIST_KEY_UISupportedInterfaceOrientations_iPad = "UIInterfaceOrientationPortrait UIInterfaceOrientationPortraitUpsideDown UIInterfaceOrientationLandscapeLeft UIInterfaceOrientationLandscapeRight";
				INFOPLIST_KEY_UISupportedInterfaceOrientations_iPhone = "UIInterfaceOrientationPortrait UIInterfaceOrientationLandscapeLeft UIInterfaceOrientationLandscapeRight";
				LD_RUNPATH_SEARCH_PATHS = (
					"$(inherited)",
					"@executable_path/Frameworks",
				);
				MARKETING_VERSION = 1.0;
				PRODUCT_BUNDLE_IDENTIFIER = "com.cursoios.trabalho-ios-01";
				PRODUCT_NAME = "$(TARGET_NAME)";
				SWIFT_EMIT_LOC_STRINGS = YES;
				SWIFT_VERSION = 5.0;
				TARGETED_DEVICE_FAMILY = "1,2";
			};
			name = Debug;
		};
		998929662AA8A22600CA85F8 /* Release */ = {
			isa = XCBuildConfiguration;
			buildSettings = {
				ASSETCATALOG_COMPILER_APPICON_NAME = AppIcon;
				ASSETCATALOG_COMPILER_GLOBAL_ACCENT_COLOR_NAME = AccentColor;
				CODE_SIGN_STYLE = Automatic;
				CURRENT_PROJECT_VERSION = 1;
				GENERATE_INFOPLIST_FILE = YES;
				INFOPLIST_FILE = trabalho_ios_01/Info.plist;
				INFOPLIST_KEY_UIApplicationSupportsIndirectInputEvents = YES;
				INFOPLIST_KEY_UILaunchStoryboardName = LaunchScreen;
				INFOPLIST_KEY_UISupportedInterfaceOrientations_iPad = "UIInterfaceOrientationPortrait UIInterfaceOrientationPortraitUpsideDown UIInterfaceOrientationLandscapeLeft UIInterfaceOrientationLandscapeRight";
				INFOPLIST_KEY_UISupportedInterfaceOrientations_iPhone = "UIInterfaceOrientationPortrait UIInterfaceOrientationLandscapeLeft UIInterfaceOrientationLandscapeRight";
				LD_RUNPATH_SEARCH_PATHS = (
					"$(inherited)",
					"@executable_path/Frameworks",
				);
				MARKETING_VERSION = 1.0;
				PRODUCT_BUNDLE_IDENTIFIER = "com.cursoios.trabalho-ios-01";
				PRODUCT_NAME = "$(TARGET_NAME)";
				SWIFT_EMIT_LOC_STRINGS = YES;
				SWIFT_VERSION = 5.0;
				TARGETED_DEVICE_FAMILY = "1,2";
			};
			name = Release;
		};
		998929682AA8A22600CA85F8 /* Debug */ = {
			isa = XCBuildConfiguration;
			buildSettings = {
				ALWAYS_EMBED_SWIFT_STANDARD_LIBRARIES = YES;
				BUNDLE_LOADER = "$(TEST_HOST)";
				CODE_SIGN_STYLE = Automatic;
				CURRENT_PROJECT_VERSION = 1;
				GENERATE_INFOPLIST_FILE = YES;
				IPHONEOS_DEPLOYMENT_TARGET = 16.4;
				MARKETING_VERSION = 1.0;
				PRODUCT_BUNDLE_IDENTIFIER = "com.cursoios.trabalho-ios-01Tests";
				PRODUCT_NAME = "$(TARGET_NAME)";
				SWIFT_EMIT_LOC_STRINGS = NO;
				SWIFT_VERSION = 5.0;
				TARGETED_DEVICE_FAMILY = "1,2";
				TEST_HOST = "$(BUILT_PRODUCTS_DIR)/trabalho_ios_01.app/$(BUNDLE_EXECUTABLE_FOLDER_PATH)/trabalho_ios_01";
			};
			name = Debug;
		};
		998929692AA8A22600CA85F8 /* Release */ = {
			isa = XCBuildConfiguration;
			buildSettings = {
				ALWAYS_EMBED_SWIFT_STANDARD_LIBRARIES = YES;
				BUNDLE_LOADER = "$(TEST_HOST)";
				CODE_SIGN_STYLE = Automatic;
				CURRENT_PROJECT_VERSION = 1;
				GENERATE_INFOPLIST_FILE = YES;
				IPHONEOS_DEPLOYMENT_TARGET = 16.4;
				MARKETING_VERSION = 1.0;
				PRODUCT_BUNDLE_IDENTIFIER = "com.cursoios.trabalho-ios-01Tests";
				PRODUCT_NAME = "$(TARGET_NAME)";
				SWIFT_EMIT_LOC_STRINGS = NO;
				SWIFT_VERSION = 5.0;
				TARGETED_DEVICE_FAMILY = "1,2";
				TEST_HOST = "$(BUILT_PRODUCTS_DIR)/trabalho_ios_01.app/$(BUNDLE_EXECUTABLE_FOLDER_PATH)/trabalho_ios_01";
			};
			name = Release;
		};
		9989296B2AA8A22600CA85F8 /* Debug */ = {
			isa = XCBuildConfiguration;
			buildSettings = {
				ALWAYS_EMBED_SWIFT_STANDARD_LIBRARIES = YES;
				CODE_SIGN_STYLE = Automatic;
				CURRENT_PROJECT_VERSION = 1;
				GENERATE_INFOPLIST_FILE = YES;
				MARKETING_VERSION = 1.0;
				PRODUCT_BUNDLE_IDENTIFIER = "com.cursoios.trabalho-ios-01UITests";
				PRODUCT_NAME = "$(TARGET_NAME)";
				SWIFT_EMIT_LOC_STRINGS = NO;
				SWIFT_VERSION = 5.0;
				TARGETED_DEVICE_FAMILY = "1,2";
				TEST_TARGET_NAME = trabalho_ios_01;
			};
			name = Debug;
		};
		9989296C2AA8A22600CA85F8 /* Release */ = {
			isa = XCBuildConfiguration;
			buildSettings = {
				ALWAYS_EMBED_SWIFT_STANDARD_LIBRARIES = YES;
				CODE_SIGN_STYLE = Automatic;
				CURRENT_PROJECT_VERSION = 1;
				GENERATE_INFOPLIST_FILE = YES;
				MARKETING_VERSION = 1.0;
				PRODUCT_BUNDLE_IDENTIFIER = "com.cursoios.trabalho-ios-01UITests";
				PRODUCT_NAME = "$(TARGET_NAME)";
				SWIFT_EMIT_LOC_STRINGS = NO;
				SWIFT_VERSION = 5.0;
				TARGETED_DEVICE_FAMILY = "1,2";
				TEST_TARGET_NAME = trabalho_ios_01;
			};
			name = Release;
		};
/* End XCBuildConfiguration section */

/* Begin XCConfigurationList section */
		998929352AA8A22500CA85F8 /* Build configuration list for PBXProject "trabalho_ios_01" */ = {
			isa = XCConfigurationList;
			buildConfigurations = (
				998929622AA8A22600CA85F8 /* Debug */,
				998929632AA8A22600CA85F8 /* Release */,
			);
			defaultConfigurationIsVisible = 0;
			defaultConfigurationName = Release;
		};
		998929642AA8A22600CA85F8 /* Build configuration list for PBXNativeTarget "trabalho_ios_01" */ = {
			isa = XCConfigurationList;
			buildConfigurations = (
				998929652AA8A22600CA85F8 /* Debug */,
				998929662AA8A22600CA85F8 /* Release */,
			);
			defaultConfigurationIsVisible = 0;
			defaultConfigurationName = Release;
		};
		998929672AA8A22600CA85F8 /* Build configuration list for PBXNativeTarget "trabalho_ios_01Tests" */ = {
			isa = XCConfigurationList;
			buildConfigurations = (
				998929682AA8A22600CA85F8 /* Debug */,
				998929692AA8A22600CA85F8 /* Release */,
			);
			defaultConfigurationIsVisible = 0;
			defaultConfigurationName = Release;
		};
		9989296A2AA8A22600CA85F8 /* Build configuration list for PBXNativeTarget "trabalho_ios_01UITests" */ = {
			isa = XCConfigurationList;
			buildConfigurations = (
				9989296B2AA8A22600CA85F8 /* Debug */,
				9989296C2AA8A22600CA85F8 /* Release */,
			);
			defaultConfigurationIsVisible = 0;
			defaultConfigurationName = Release;
		};
/* End XCConfigurationList section */
	};
	rootObject = 998929322AA8A22500CA85F8 /* Project object */;
}
